
Microsoft Visual Studio Solution File, Format Version 12.00
# Visual Studio Version 16
VisualStudioVersion = 16.0.32802.440
MinimumVisualStudioVersion = 10.0.40219.1
Project("{FAE04EC0-301F-11D3-BF4B-00C04F79EFBC}") = "P04-Missing-Plane-Adventure", "P04-Missing-Plane-Adventure\P04-Missing-Plane-Adventure.csproj", "{6F509E83-197B-4117-B635-CE6D64CB9CA5}"
EndProject
Global
	GlobalSection(SolutionConfigurationPlatforms) = preSolution
		Debug|Any CPU = Debug|Any CPU
		Release|Any CPU = Release|Any CPU
	EndGlobalSection
	GlobalSection(ProjectConfigurationPlatforms) = postSolution
		{6F509E83-197B-4117-B635-CE6D64CB9CA5}.Debug|Any CPU.ActiveCfg = Debug|Any CPU
		{6F509E83-197B-4117-B635-CE6D64CB9CA5}.Debug|Any CPU.Build.0 = Debug|Any CPU
		{6F509E83-197B-4117-B635-CE6D64CB9CA5}.Release|Any CPU.ActiveCfg = Release|Any CPU
		{6F509E83-197B-4117-B635-CE6D64CB9CA5}.Release|Any CPU.Build.0 = Release|Any CPU
	EndGlobalSection
	GlobalSection(SolutionProperties) = preSolution
		HideSolutionNode = FALSE
	EndGlobalSection
	GlobalSection(ExtensibilityGlobals) = postSolution
		SolutionGuid = {E36E4E73-E632-4F50-9600-73C9972A5F62}
	EndGlobalSection
EndGlobal
